Microsoft Visual Studio Solution File, Format Version 11.00
# Visual Studio 2008

Project("{F8F444B3-5F5E-F304-E720-79B6EFD6A49C}") = "HARCEXEL - AndroidTV", "Assembly-CSharp-firstpass-vs.csproj", "{89812D6E-240C-D4C3-1EEE-7EBE722D05DA}"
EndProject
Project("{F8F444B3-5F5E-F304-E720-79B6EFD6A49C}") = "HARCEXEL - AndroidTV", "Assembly-CSharp-vs.csproj", "{A71A8F43-6F43-BC80-726E-BD0A3F5F0988}"
EndProject
Project("{F8F444B3-5F5E-F304-E720-79B6EFD6A49C}") = "HARCEXEL - AndroidTV", "Assembly-CSharp-Editor-firstpass-vs.csproj", "{AE66CDC4-2002-8122-5D81-99B63CB669DC}"
EndProject
Project("{F8F444B3-5F5E-F304-E720-79B6EFD6A49C}") = "HARCEXEL - AndroidTV", "Assembly-CSharp-Editor-vs.csproj", "{964396A3-8917-7907-6BC7-46959B8598C5}"
EndProject
Global
	GlobalSection(SolutionConfigurationPlatforms) = preSolution
		Debug|Any CPU = Debug|Any CPU
		Release|Any CPU = Release|Any CPU
	EndGlobalSection
	GlobalSection(ProjectConfigurationPlatforms) = postSolution
		{89812D6E-240C-D4C3-1EEE-7EBE722D05DA}.Debug|Any CPU.ActiveCfg = Debug|Any CPU
		{89812D6E-240C-D4C3-1EEE-7EBE722D05DA}.Debug|Any CPU.Build.0 = Debug|Any CPU
		{89812D6E-240C-D4C3-1EEE-7EBE722D05DA}.Release|Any CPU.ActiveCfg = Release|Any CPU
		{89812D6E-240C-D4C3-1EEE-7EBE722D05DA}.Release|Any CPU.Build.0 = Release|Any CPU
		{A71A8F43-6F43-BC80-726E-BD0A3F5F0988}.Debug|Any CPU.ActiveCfg = Debug|Any CPU
		{A71A8F43-6F43-BC80-726E-BD0A3F5F0988}.Debug|Any CPU.Build.0 = Debug|Any CPU
		{A71A8F43-6F43-BC80-726E-BD0A3F5F0988}.Release|Any CPU.ActiveCfg = Release|Any CPU
		{A71A8F43-6F43-BC80-726E-BD0A3F5F0988}.Release|Any CPU.Build.0 = Release|Any CPU
		{AE66CDC4-2002-8122-5D81-99B63CB669DC}.Debug|Any CPU.ActiveCfg = Debug|Any CPU
		{AE66CDC4-2002-8122-5D81-99B63CB669DC}.Debug|Any CPU.Build.0 = Debug|Any CPU
		{AE66CDC4-2002-8122-5D81-99B63CB669DC}.Release|Any CPU.ActiveCfg = Release|Any CPU
		{AE66CDC4-2002-8122-5D81-99B63CB669DC}.Release|Any CPU.Build.0 = Release|Any CPU
		{964396A3-8917-7907-6BC7-46959B8598C5}.Debug|Any CPU.ActiveCfg = Debug|Any CPU
		{964396A3-8917-7907-6BC7-46959B8598C5}.Debug|Any CPU.Build.0 = Debug|Any CPU
		{964396A3-8917-7907-6BC7-46959B8598C5}.Release|Any CPU.ActiveCfg = Release|Any CPU
		{964396A3-8917-7907-6BC7-46959B8598C5}.Release|Any CPU.Build.0 = Release|Any CPU
	EndGlobalSection
	GlobalSection(SolutionProperties) = preSolution
		HideSolutionNode = FALSE
	EndGlobalSection
													GlobalSection(MonoDevelopProperties) = preSolution
		StartupItem = Assembly-CSharp.csproj
		Policies = $0
		$0.TextStylePolicy = $1
		$1.inheritsSet = null
		$1.scope = text/x-csharp
		$0.CSharpFormattingPolicy = $2
		$2.inheritsSet = Mono
		$2.inheritsScope = text/x-csharp
		$2.scope = text/x-csharp
		$0.TextStylePolicy = $3
		$3.FileWidth = 120
		$3.TabWidth = 4
		$3.EolMarker = Unix
		$3.inheritsSet = Mono
		$3.inheritsScope = text/plain
		$3.scope = text/plain
	EndGlobalSection

EndGlobal
